// !$*UTF8*$!
{
	archiveVersion = 1;
	classes = {
	};
	objectVersion = 46;
	objects = {

/* Begin PBXBuildFile section */
		BC0F39071DE230EE00EA9BA8 /* AppDelegate.swift in Sources */ = {isa = PBXBuildFile; fileRef = BC0F39061DE230EE00EA9BA8 /* AppDelegate.swift */; };
		BC0F39091DE230EE00EA9BA8 /* ViewController.swift in Sources */ = {isa = PBXBuildFile; fileRef = BC0F39081DE230EE00EA9BA8 /* ViewController.swift */; };
		BC0F390C1DE230EE00EA9BA8 /* Main.storyboard in Resources */ = {isa = PBXBuildFile; fileRef = BC0F390A1DE230EE00EA9BA8 /* Main.storyboard */; };
		BC0F390F1DE230EE00EA9BA8 /* DreamLister.xcdatamodeld in Sources */ = {isa = PBXBuildFile; fileRef = BC0F390D1DE230EE00EA9BA8 /* DreamLister.xcdatamodeld */; };
		BC0F39111DE230EE00EA9BA8 /* Assets.xcassets in Resources */ = {isa = PBXBuildFile; fileRef = BC0F39101DE230EE00EA9BA8 /* Assets.xcassets */; };
		BC0F39141DE230EE00EA9BA8 /* LaunchScreen.storyboard in Resources */ = {isa = PBXBuildFile; fileRef = BC0F39121DE230EE00EA9BA8 /* LaunchScreen.storyboard */; };
/* End PBXBuildFile section */

/* Begin PBXFileReference section */
		BC0F39031DE230EE00EA9BA8 /* DreamLister.app */ = {isa = PBXFileReference; explicitFileType = wrapper.application; includeInIndex = 0; path = DreamLister.app; sourceTree = BUILT_PRODUCTS_DIR; };
		BC0F39061DE230EE00EA9BA8 /* AppDelegate.swift */ = {isa = PBXFileReference; lastKnownFileType = sourcecode.swift; path = AppDelegate.swift; sourceTree = "<group>"; };
		BC0F39081DE230EE00EA9BA8 /* ViewController.swift */ = {isa = PBXFileReference; lastKnownFileType = sourcecode.swift; path = ViewController.swift; sourceTree = "<group>"; };
		BC0F390B1DE230EE00EA9BA8 /* Base */ = {isa = PBXFileReference; lastKnownFileType = file.storyboard; name = Base; path = Base.lproj/Main.storyboard; sourceTree = "<group>"; };
		BC0F390E1DE230EE00EA9BA8 /* DreamLister.xcdatamodel */ = {isa = PBXFileReference; lastKnownFileType = wrapper.xcdatamodel; path = DreamLister.xcdatamodel; sourceTree = "<group>"; };
		BC0F39101DE230EE00EA9BA8 /* Assets.xcassets */ = {isa = PBXFileReference; lastKnownFileType = folder.assetcatalog; path = Assets.xcassets; sourceTree = "<group>"; };
		BC0F39131DE230EE00EA9BA8 /* Base */ = {isa = PBXFileReference; lastKnownFileType = file.storyboard; name = Base; path = Base.lproj/LaunchScreen.storyboard; sourceTree = "<group>"; };
		BC0F39151DE230EE00EA9BA8 /* Info.plist */ = {isa = PBXFileReference; lastKnownFileType = text.plist.xml; path = Info.plist; sourceTree = "<group>"; };
/* End PBXFileReference section */

/* Begin PBXFrameworksBuildPhase section */
		BC0F39001DE230EE00EA9BA8 /* Frameworks */ = {
			isa = PBXFrameworksBuildPhase;
			buildActionMask = 2147483647;
			files = (
			);
			runOnlyForDeploymentPostprocessing = 0;
		};
/* End PBXFrameworksBuildPhase section */

/* Begin PBXGroup section */
		BC0F38FA1DE230EE00EA9BA8 = {
			isa = PBXGroup;
			children = (
				BC0F39051DE230EE00EA9BA8 /* DreamLister */,
				BC0F39041DE230EE00EA9BA8 /* Products */,
			);
			sourceTree = "<group>";
		};
		BC0F39041DE230EE00EA9BA8 /* Products */ = {
			isa = PBXGroup;
			children = (
				BC0F39031DE230EE00EA9BA8 /* DreamLister.app */,
			);
			name = Products;
			sourceTree = "<group>";
		};
		BC0F39051DE230EE00EA9BA8 /* DreamLister */ = {
			isa = PBXGroup;
			children = (
				BC0F39061DE230EE00EA9BA8 /* AppDelegate.swift */,
				BC0F39081DE230EE00EA9BA8 /* ViewController.swift */,
				BC0F390A1DE230EE00EA9BA8 /* Main.storyboard */,
				BC0F39101DE230EE00EA9BA8 /* Assets.xcassets */,
				BC0F39121DE230EE00EA9BA8 /* LaunchScreen.storyboard */,
				BC0F39151DE230EE00EA9BA8 /* Info.plist */,
				BC0F390D1DE230EE00EA9BA8 /* DreamLister.xcdatamodeld */,
			);
			path = DreamLister;
			sourceTree = "<group>";
		};
/* End PBXGroup section */

/* Begin PBXNativeTarget section */
		BC0F39021DE230EE00EA9BA8 /* DreamLister */ = {
			isa = PBXNativeTarget;
			buildConfigurationList = BC0F39181DE230EE00EA9BA8 /* Build configuration list for PBXNativeTarget "DreamLister" */;
			buildPhases = (
				BC0F38FF1DE230EE00EA9BA8 /* Sources */,
				BC0F39001DE230EE00EA9BA8 /* Frameworks */,
				BC0F39011DE230EE00EA9BA8 /* Resources */,
			);
			buildRules = (
			);
			dependencies = (
			);
			name = DreamLister;
			productName = DreamLister;
			productReference = BC0F39031DE230EE00EA9BA8 /* DreamLister.app */;
			productType = "com.apple.product-type.application";
		};
/* End PBXNativeTarget section */

/* Begin PBXProject section */
		BC0F38FB1DE230EE00EA9BA8 /* Project object */ = {
			isa = PBXProject;
			attributes = {
				LastSwiftUpdateCheck = 0810;
				LastUpgradeCheck = 0810;
				ORGANIZATIONNAME = Nuno;
				TargetAttributes = {
					BC0F39021DE230EE00EA9BA8 = {
						CreatedOnToolsVersion = 8.1;
						ProvisioningStyle = Automatic;
					};
				};
			};
			buildConfigurationList = BC0F38FE1DE230EE00EA9BA8 /* Build configuration list for PBXProject "DreamLister" */;
			compatibilityVersion = "Xcode 3.2";
			developmentRegion = English;
			hasScannedForEncodings = 0;
			knownRegions = (
				en,
				Base,
			);
			mainGroup = BC0F38FA1DE230EE00EA9BA8;
			productRefGroup = BC0F39041DE230EE00EA9BA8 /* Products */;
			projectDirPath = "";
			projectRoot = "";
			targets = (
				BC0F39021DE230EE00EA9BA8 /* DreamLister */,
			);
		};
/* End PBXProject section */

/* Begin PBXResourcesBuildPhase section */
		BC0F39011DE230EE00EA9BA8 /* Resources */ = {
			isa = PBXResourcesBuildPhase;
			buildActionMask = 2147483647;
			files = (
				BC0F39141DE230EE00EA9BA8 /* LaunchScreen.storyboard in Resources */,
				BC0F39111DE230EE00EA9BA8 /* Assets.xcassets in Resources */,
				BC0F390C1DE230EE00EA9BA8 /* Main.storyboard in Resources */,
			);
			runOnlyForDeploymentPostprocessing = 0;
		};
/* End PBXResourcesBuildPhase section */

/* Begin PBXSourcesBuildPhase section */
		BC0F38FF1DE230EE00EA9BA8 /* Sources */ = {
			isa = PBXSourcesBuildPhase;
			buildActionMask = 2147483647;
			files = (
				BC0F39091DE230EE00EA9BA8 /* ViewController.swift in Sources */,
				BC0F39071DE230EE00EA9BA8 /* AppDelegate.swift in Sources */,
				BC0F390F1DE230EE00EA9BA8 /* DreamLister.xcdatamodeld in Sources */,
			);
			runOnlyForDeploymentPostprocessing = 0;
		};
/* End PBXSourcesBuildPhase section */

/* Begin PBXVariantGroup section */
		BC0F390A1DE230EE00EA9BA8 /* Main.storyboard */ = {
			isa = PBXVariantGroup;
			children = (
				BC0F390B1DE230EE00EA9BA8 /* Base */,
			);
			name = Main.storyboard;
			sourceTree = "<group>";
		};
		BC0F39121DE230EE00EA9BA8 /* LaunchScreen.storyboard */ = {
			isa = PBXVariantGroup;
			children = (
				BC0F39131DE230EE00EA9BA8 /* Base */,
			);
			name = LaunchScreen.storyboard;
			sourceTree = "<group>";
		};
/* End PBXVariantGroup section */

/* Begin XCBuildConfiguration section */
		BC0F39161DE230EE00EA9BA8 /* Debug */ = {
			isa = XCBuildConfiguration;
			buildSettings = {
				ALWAYS_SEARCH_USER_PATHS = NO;
				CLANG_ANALYZER_NONNULL = YES;
				CLANG_CXX_LANGUAGE_STANDARD = "gnu++0x";
				CLANG_CXX_LIBRARY = "libc++";
				CLANG_ENABLE_MODULES = YES;
				CLANG_ENABLE_OBJC_ARC = YES;
				CLANG_WARN_BOOL_CONVERSION = YES;
				CLANG_WARN_CONSTANT_CONVERSION = YES;
				CLANG_WARN_DIRECT_OBJC_ISA_USAGE = YES_ERROR;
				CLANG_WARN_DOCUMENTATION_COMMENTS = YES;
				CLANG_WARN_EMPTY_BODY = YES;
				CLANG_WARN_ENUM_CONVERSION = YES;
				CLANG_WARN_INFINITE_RECURSION = YES;
				CLANG_WARN_INT_CONVERSION = YES;
				CLANG_WARN_OBJC_ROOT_CLASS = YES_ERROR;
				CLANG_WARN_SUSPICIOUS_MOVES = YES;
				CLANG_WARN_UNREACHABLE_CODE = YES;
				CLANG_WARN__DUPLICATE_METHOD_MATCH = YES;
				"CODE_SIGN_IDENTITY[sdk=iphoneos*]" = "iPhone Developer";
				COPY_PHASE_STRIP = NO;
				DEBUG_INFORMATION_FORMAT = dwarf;
				ENABLE_STRICT_OBJC_MSGSEND = YES;
				ENABLE_TESTABILITY = YES;
				GCC_C_LANGUAGE_STANDARD = gnu99;
				GCC_DYNAMIC_NO_PIC = NO;
				GCC_NO_COMMON_BLOCKS = YES;
				GCC_OPTIMIZATION_LEVEL = 0;
				GCC_PREPROCESSOR_DEFINITIONS = (
					"DEBUG=1",
					"$(inherited)",
				);
				GCC_WARN_64_TO_32_BIT_CONVERSION = YES;
				GCC_WARN_ABOUT_RETURN_TYPE = YES_ERROR;
				GCC_WARN_UNDECLARED_SELECTOR = YES;
				GCC_WARN_UNINITIALIZED_AUTOS = YES_AGGRESSIVE;
				GCC_WARN_UNUSED_FUNCTION = YES;
				GCC_WARN_UNUSED_VARIABLE = YES;
				IPHONEOS_DEPLOYMENT_TARGET = 10.1;
				MTL_ENABLE_DEBUG_INFO = YES;
				ONLY_ACTIVE_ARCH = YES;
				SDKROOT = iphoneos;
				SWIFT_ACTIVE_COMPILATION_CONDITIONS = DEBUG;
				SWIFT_OPTIMIZATION_LEVEL = "-Onone";
				TARGETED_DEVICE_FAMILY = "1,2";
			};
			name = Debug;
		};
		BC0F39171DE230EE00EA9BA8 /* Release */ = {
			isa = XCBuildConfiguration;
			buildSettings = {
				ALWAYS_SEARCH_USER_PATHS = NO;
				CLANG_ANALYZER_NONNULL = YES;
				CLANG_CXX_LANGUAGE_STANDARD = "gnu++0x";
				CLANG_CXX_LIBRARY = "libc++";
				CLANG_ENABLE_MODULES = YES;
				CLANG_ENABLE_OBJC_ARC = YES;
				CLANG_WARN_BOOL_CONVERSION = YES;
				CLANG_WARN_CONSTANT_CONVERSION = YES;
				CLANG_WARN_DIRECT_OBJC_ISA_USAGE = YES_ERROR;
				CLANG_WARN_DOCUMENTATION_COMMENTS = YES;
				CLANG_WARN_EMPTY_BODY = YES;
				CLANG_WARN_ENUM_CONVERSION = YES;
				CLANG_WARN_INFINITE_RECURSION = YES;
				CLANG_WARN_INT_CONVERSION = YES;
				CLANG_WARN_OBJC_ROOT_CLASS = YES_ERROR;
				CLANG_WARN_SUSPICIOUS_MOVES = YES;
				CLANG_WARN_UNREACHABLE_CODE = YES;
				CLANG_WARN__DUPLICATE_METHOD_MATCH = YES;
				"CODE_SIGN_IDENTITY[sdk=iphoneos*]" = "iPhone Developer";
				COPY_PHASE_STRIP = NO;
				DEBUG_INFORMATION_FORMAT = "dwarf-with-dsym";
				ENABLE_NS_ASSERTIONS = NO;
				ENABLE_STRICT_OBJC_MSGSEND = YES;
				GCC_C_LANGUAGE_STANDARD = gnu99;
				GCC_NO_COMMON_BLOCKS = YES;
				GCC_WARN_64_TO_32_BIT_CONVERSION = YES;
				GCC_WARN_ABOUT_RETURN_TYPE = YES_ERROR;
				GCC_WARN_UNDECLARED_SELECTOR = YES;
				GCC_WARN_UNINITIALIZED_AUTOS = YES_AGGRESSIVE;
				GCC_WARN_UNUSED_FUNCTION = YES;
				GCC_WARN_UNUSED_VARIABLE = YES;
				IPHONEOS_DEPLOYMENT_TARGET = 10.1;
				MTL_ENABLE_DEBUG_INFO = NO;
				SDKROOT = iphoneos;
				SWIFT_OPTIMIZATION_LEVEL = "-Owholemodule";
				TARGETED_DEVICE_FAMILY = "1,2";
				VALIDATE_PRODUCT = YES;
			};
			name = Release;
		};
		BC0F39191DE230EE00EA9BA8 /* Debug */ = {
			isa = XCBuildConfiguration;
			buildSettings = {
				ASSETCATALOG_COMPILER_APPICON_NAME = AppIcon;
				INFOPLIST_FILE = DreamLister/Info.plist;
				LD_RUNPATH_SEARCH_PATHS = "$(inherited) @executable_path/Frameworks";
				PRODUCT_BUNDLE_IDENTIFIER = Nuno.DreamLister;
				PRODUCT_NAME = "$(TARGET_NAME)";
				SWIFT_VERSION = 3.0;
			};
			name = Debug;
		};
		BC0F391A1DE230EE00EA9BA8 /* Release */ = {
			isa = XCBuildConfiguration;
			buildSettings = {
				ASSETCATALOG_COMPILER_APPICON_NAME = AppIcon;
				INFOPLIST_FILE = DreamLister/Info.plist;
				LD_RUNPATH_SEARCH_PATHS = "$(inherited) @executable_path/Frameworks";
				PRODUCT_BUNDLE_IDENTIFIER = Nuno.DreamLister;
				PRODUCT_NAME = "$(TARGET_NAME)";
				SWIFT_VERSION = 3.0;
			};
			name = Release;
		};
/* End XCBuildConfiguration section */

/* Begin XCConfigurationList section */
		BC0F38FE1DE230EE00EA9BA8 /* Build configuration list for PBXProject "DreamLister" */ = {
			isa = XCConfigurationList;
			buildConfigurations = (
				BC0F39161DE230EE00EA9BA8 /* Debug */,
				BC0F39171DE230EE00EA9BA8 /* Release */,
			);
			defaultConfigurationIsVisible = 0;
			defaultConfigurationName = Release;
		};
		BC0F39181DE230EE00EA9BA8 /* Build configuration list for PBXNativeTarget "DreamLister" */ = {
			isa = XCConfigurationList;
			buildConfigurations = (
				BC0F39191DE230EE00EA9BA8 /* Debug */,
				BC0F391A1DE230EE00EA9BA8 /* Release */,
			);
			defaultConfigurationIsVisible = 0;
		};
/* End XCConfigurationList section */

/* Begin XCVersionGroup section */
		BC0F390D1DE230EE00EA9BA8 /* DreamLister.xcdatamodeld */ = {
			isa = XCVersionGroup;
			children = (
				BC0F390E1DE230EE00EA9BA8 /* DreamLister.xcdatamodel */,
			);
			currentVersion = BC0F390E1DE230EE00EA9BA8 /* DreamLister.xcdatamodel */;
			path = DreamLister.xcdatamodeld;
			sourceTree = "<group>";
			versionGroupType = wrapper.xcdatamodel;
		};
/* End XCVersionGroup section */
	};
	rootObject = BC0F38FB1DE230EE00EA9BA8 /* Project object */;
}
